dependencies:
  espressif/esp-dsp:
    component_hash: 46498b4973097cac29cfc6a692abef44375ffb7b00b73b3f354124efc626a154
    source:
      service_url: https://api.components.espressif.com/
      type: service
    version: 1.4.10
  idf:
    component_hash: null
    source:
      type: idf
    version: 5.1.2
manifest_hash: 3d5655c2af9777f8956982dfb2436d788b1db246a274b86f0a93e0332e967a3b
target: esp32s3
version: 1.0.0
